
Microsoft Visual Studio Solution File, Format Version 12.00
# Visual Studio 15
Project("{FAE04EC0-301F-11D3-BF4B-00C04F79EFBC}") = "Automation.Tests", "Automation.Tests.csproj", "{6E647F90-ADF0-4F57-9E96-A792BDA25F34}"
EndProject
Global
	GlobalSection(SolutionConfigurationPlatforms) = preSolution
		Debug|Any CPU = Debug|Any CPU
		Release|Any CPU = Release|Any CPU
	EndGlobalSection
	GlobalSection(ProjectConfigurationPlatforms) = postSolution
		{6E647F90-ADF0-4F57-9E96-A792BDA25F34}.Debug|Any CPU.ActiveCfg = Debug|Any CPU
		{6E647F90-ADF0-4F57-9E96-A792BDA25F34}.Debug|Any CPU.Build.0 = Debug|Any CPU
		{6E647F90-ADF0-4F57-9E96-A792BDA25F34}.Release|Any CPU.ActiveCfg = Release|Any CPU
		{6E647F90-ADF0-4F57-9E96-A792BDA25F34}.Release|Any CPU.Build.0 = Release|Any CPU
	EndGlobalSection
	GlobalSection(MonoDevelopProperties) = preSolution
		Policies = $0
		$0.DotNetNamingPolicy = $1
		$1.DirectoryNamespaceAssociation = PrefixedHierarchical
		$0.StandardHeader = $2
		$0.VersionControlPolicy = $3
	EndGlobalSection
EndGlobal
